{
  "name": "BooKStore",
  "lockfileVersion": 3,
  "requires": true,
  "packages": {
    "": {
      "dependencies": {
        "@abp/flag-icon-css": "^8.1.0"
      }
    },
    "node_modules/@abp/flag-icon-css": {
      "version": "8.1.0",
      "resolved": "https://registry.npmjs.org/@abp/flag-icon-css/-/flag-icon-css-8.1.0.tgz",
      "integrity": "sha512-C4vx7hxeY7tj8CD0wVm/KeTwxipNgJs1eKloEGpWM2cWTDp/ItzBPOqiX76ZaYvP7DwGouqWaX3TtM4NbsvMhQ==",
      "dependencies": {
        "flag-icon-css": "^4.1.7"
      }
    },
    "node_modules/flag-icon-css": {
      "version": "4.1.7",
      "resolved": "https://registry.npmjs.org/flag-icon-css/-/flag-icon-css-4.1.7.tgz",
      "integrity": "sha512-AFjSU+fv98XbU0vnTQ32vcLj89UEr1MhwDFcooQv14qWJCjg9fGZzfh9BVyDhAhIOZW/pGmJmq38RqpgPaeybQ==",
      "deprecated": "The project has been renamed to flag-icons"
    }
  }
}
